lockfileVersion: '9.0'

settings:
  autoInstallPeers: true
  excludeLinksFromLockfile: false

importers:

  .:
    dependencies:
      '@ant-design/icons-vue':
        specifier: ^7.0.1
        version: 7.0.1(vue@3.4.38)
      '@infectoone/vue-ganttastic':
        specifier: ^2.3.2
        version: 2.3.2(dayjs@1.11.13)(vue@3.4.38)
      '@xpyjs/gantt':
        specifier: ^2.1.13
        version: 2.1.13(async-validator@4.2.5)(vue@3.4.38)
      ag-grid-community:
        specifier: ^32.2.2
        version: 32.2.2
      ag-grid-vue3:
        specifier: ^32.2.2
        version: 32.2.2
      ant-design-vue:
        specifier: ^4.2.3
        version: 4.2.3(vue@3.4.38)
      dayjs:
        specifier: ^1.11.13
        version: 1.11.13
      frappe-gantt:
        specifier: ^0.6.1
        version: 0.6.1
      vue:
        specifier: ^3.4.29
        version: 3.4.38
      vue-i18n:
        specifier: 10.0.0-beta.6
        version: 10.0.0-beta.6(vue@3.4.38)
      vue-router:
        specifier: ^4.0.13
        version: 4.4.3(vue@3.4.38)
      vue-virtual-scroller:
        specifier: 2.0.0-beta.8
        version: 2.0.0-beta.8(vue@3.4.38)
      xlsx:
        specifier: ^0.18.5
        version: 0.18.5
    devDependencies:
      '@vitejs/plugin-vue':
        specifier: ^5.0.5
        version: 5.1.3(vite@5.4.2(sass@1.77.8))(vue@3.4.38)
      sass:
        specifier: ^1.77.8
        version: 1.77.8
      vite:
        specifier: ^5.3.1
        version: 5.4.2(sass@1.77.8)

packages:

  '@ant-design/colors@6.0.0':
    resolution: {integrity: sha512-qAZRvPzfdWHtfameEGP2Qvuf838NhergR35o+EuVyB5XvSA98xod5r4utvi4TJ3ywmevm290g9nsCG5MryrdWQ==}

  '@ant-design/icons-svg@4.4.2':
    resolution: {integrity: sha512-vHbT+zJEVzllwP+CM+ul7reTEfBR0vgxFe7+lREAsAA7YGsYpboiq2sQNeQeRvh09GfQgs/GyFEvZpJ9cLXpXA==}

  '@ant-design/icons-vue@7.0.1':
    resolution: {integrity: sha512-eCqY2unfZK6Fe02AwFlDHLfoyEFreP6rBwAZMIJ1LugmfMiVgwWDYlp1YsRugaPtICYOabV1iWxXdP12u9U43Q==}
    peerDependencies:
      vue: '>=3.0.3'

  '@babel/helper-string-parser@7.24.8':
    resolution: {integrity: sha512-pO9KhhRcuUyGnJWwyEgnRJTSIZHiT+vMD0kPeD+so0l7mxkMT19g3pjY9GTnHySck/hDzq+dtW/4VgnMkippsQ==}
    engines: {node: '>=6.9.0'}

  '@babel/helper-validator-identifier@7.24.7':
    resolution: {integrity: sha512-rR+PBcQ1SMQDDyF6X0wxtG8QyLCgUB0eRAGguqRLfkCA87l7yAP7ehq8SNj96OOGTO8OBV70KhuFYcIkHXOg0w==}
    engines: {node: '>=6.9.0'}

  '@babel/parser@7.25.6':
    resolution: {integrity: sha512-trGdfBdbD0l1ZPmcJ83eNxB9rbEax4ALFTF7fN386TMYbeCQbyme5cOEXQhbGXKebwGaB/J52w1mrklMcbgy6Q==}
    engines: {node: '>=6.0.0'}
    hasBin: true

  '@babel/runtime@7.25.6':
    resolution: {integrity: sha512-VBj9MYyDb9tuLq7yzqjgzt6Q+IBQLrGZfdjOekyEirZPHxXWoTSGUTMrpsfi58Up73d13NfYLv8HT9vmznjzhQ==}
    engines: {node: '>=6.9.0'}

  '@babel/types@7.25.6':
    resolution: {integrity: sha512-/l42B1qxpG6RdfYf343Uw1vmDjeNhneUXtzhojE7pDgfpEypmRhI6j1kr17XCVv4Cgl9HdAiQY2x0GwKm7rWCw==}
    engines: {node: '>=6.9.0'}

  '@ctrl/tinycolor@3.6.1':
    resolution: {integrity: sha512-SITSV6aIXsuVNV3f3O0f2n/cgyEDWoSqtZMYiAmcsYHydcKrOz3gUxB/iXd/Qf08+IZX4KpgNbvUdMBmWz+kcA==}
    engines: {node: '>=10'}

  '@emotion/hash@0.9.2':
    resolution: {integrity: sha512-MyqliTZGuOm3+5ZRSaaBGP3USLw6+EGykkwZns2EPC5g8jJ4z9OrdZY9apkl3+UP9+sdz76YYkwCKP5gh8iY3g==}

  '@emotion/unitless@0.8.1':
    resolution: {integrity: sha512-KOEGMu6dmJZtpadb476IsZBclKvILjopjUii3V+7MnXIQCYh8W3NgNcgwo21n9LXZX6EDIKvqfjYxXebDwxKmQ==}

  '@esbuild/aix-ppc64@0.21.5':
    resolution: {integrity: sha512-1SDgH6ZSPTlggy1yI6+Dbkiz8xzpHJEVAlF/AM1tHPLsf5STom9rwtjE4hKAF20FfXXNTFqEYXyJNWh1GiZedQ==}
    engines: {node: '>=12'}
    cpu: [ppc64]
    os: [aix]

  '@esbuild/android-arm64@0.21.5':
    resolution: {integrity: sha512-c0uX9VAUBQ7dTDCjq+wdyGLowMdtR/GoC2U5IYk/7D1H1JYC0qseD7+11iMP2mRLN9RcCMRcjC4YMclCzGwS/A==}
    engines: {node: '>=12'}
    cpu: [arm64]
    os: [android]

  '@esbuild/android-arm@0.21.5':
    resolution: {integrity: sha512-vCPvzSjpPHEi1siZdlvAlsPxXl7WbOVUBBAowWug4rJHb68Ox8KualB+1ocNvT5fjv6wpkX6o/iEpbDrf68zcg==}
    engines: {node: '>=12'}
    cpu: [arm]
    os: [android]

  '@esbuild/android-x64@0.21.5':
    resolution: {integrity: sha512-D7aPRUUNHRBwHxzxRvp856rjUHRFW1SdQATKXH2hqA0kAZb1hKmi02OpYRacl0TxIGz/ZmXWlbZgjwWYaCakTA==}
    engines: {node: '>=12'}
    cpu: [x64]
    os: [android]

  '@esbuild/darwin-arm64@0.21.5':
    resolution: {integrity: sha512-DwqXqZyuk5AiWWf3UfLiRDJ5EDd49zg6O9wclZ7kUMv2WRFr4HKjXp/5t8JZ11QbQfUS6/cRCKGwYhtNAY88kQ==}
    engines: {node: '>=12'}
    cpu: [arm64]
    os: [darwin]

  '@esbuild/darwin-x64@0.21.5':
    resolution: {integrity: sha512-se/JjF8NlmKVG4kNIuyWMV/22ZaerB+qaSi5MdrXtd6R08kvs2qCN4C09miupktDitvh8jRFflwGFBQcxZRjbw==}
    engines: {node: '>=12'}
    cpu: [x64]
    os: [darwin]

  '@esbuild/freebsd-arm64@0.21.5':
    resolution: {integrity: sha512-5JcRxxRDUJLX8JXp/wcBCy3pENnCgBR9bN6JsY4OmhfUtIHe3ZW0mawA7+RDAcMLrMIZaf03NlQiX9DGyB8h4g==}
    engines: {node: '>=12'}
    cpu: [arm64]
    os: [freebsd]

  '@esbuild/freebsd-x64@0.21.5':
    resolution: {integrity: sha512-J95kNBj1zkbMXtHVH29bBriQygMXqoVQOQYA+ISs0/2l3T9/kj42ow2mpqerRBxDJnmkUDCaQT/dfNXWX/ZZCQ==}
    engines: {node: '>=12'}
    cpu: [x64]
    os: [freebsd]

  '@esbuild/linux-arm64@0.21.5':
    resolution: {integrity: sha512-ibKvmyYzKsBeX8d8I7MH/TMfWDXBF3db4qM6sy+7re0YXya+K1cem3on9XgdT2EQGMu4hQyZhan7TeQ8XkGp4Q==}
    engines: {node: '>=12'}
    cpu: [arm64]
    os: [linux]

  '@esbuild/linux-arm@0.21.5':
    resolution: {integrity: sha512-bPb5AHZtbeNGjCKVZ9UGqGwo8EUu4cLq68E95A53KlxAPRmUyYv2D6F0uUI65XisGOL1hBP5mTronbgo+0bFcA==}
    engines: {node: '>=12'}
    cpu: [arm]
    os: [linux]

  '@esbuild/linux-ia32@0.21.5':
    resolution: {integrity: sha512-YvjXDqLRqPDl2dvRODYmmhz4rPeVKYvppfGYKSNGdyZkA01046pLWyRKKI3ax8fbJoK5QbxblURkwK/MWY18Tg==}
    engines: {node: '>=12'}
    cpu: [ia32]
    os: [linux]

  '@esbuild/linux-loong64@0.21.5':
    resolution: {integrity: sha512-uHf1BmMG8qEvzdrzAqg2SIG/02+4/DHB6a9Kbya0XDvwDEKCoC8ZRWI5JJvNdUjtciBGFQ5PuBlpEOXQj+JQSg==}
    engines: {node: '>=12'}
    cpu: [loong64]
    os: [linux]

  '@esbuild/linux-mips64el@0.21.5':
    resolution: {integrity: sha512-IajOmO+KJK23bj52dFSNCMsz1QP1DqM6cwLUv3W1QwyxkyIWecfafnI555fvSGqEKwjMXVLokcV5ygHW5b3Jbg==}
    engines: {node: '>=12'}
    cpu: [mips64el]
    os: [linux]

  '@esbuild/linux-ppc64@0.21.5':
    resolution: {integrity: sha512-1hHV/Z4OEfMwpLO8rp7CvlhBDnjsC3CttJXIhBi+5Aj5r+MBvy4egg7wCbe//hSsT+RvDAG7s81tAvpL2XAE4w==}
    engines: {node: '>=12'}
    cpu: [ppc64]
    os: [linux]

  '@esbuild/linux-riscv64@0.21.5':
    resolution: {integrity: sha512-2HdXDMd9GMgTGrPWnJzP2ALSokE/0O5HhTUvWIbD3YdjME8JwvSCnNGBnTThKGEB91OZhzrJ4qIIxk/SBmyDDA==}
    engines: {node: '>=12'}
    cpu: [riscv64]
    os: [linux]

  '@esbuild/linux-s390x@0.21.5':
    resolution: {integrity: sha512-zus5sxzqBJD3eXxwvjN1yQkRepANgxE9lgOW2qLnmr8ikMTphkjgXu1HR01K4FJg8h1kEEDAqDcZQtbrRnB41A==}
    engines: {node: '>=12'}
    cpu: [s390x]
    os: [linux]

  '@esbuild/linux-x64@0.21.5':
    resolution: {integrity: sha512-1rYdTpyv03iycF1+BhzrzQJCdOuAOtaqHTWJZCWvijKD2N5Xu0TtVC8/+1faWqcP9iBCWOmjmhoH94dH82BxPQ==}
    engines: {node: '>=12'}
    cpu: [x64]
    os: [linux]

  '@esbuild/netbsd-x64@0.21.5':
    resolution: {integrity: sha512-Woi2MXzXjMULccIwMnLciyZH4nCIMpWQAs049KEeMvOcNADVxo0UBIQPfSmxB3CWKedngg7sWZdLvLczpe0tLg==}
    engines: {node: '>=12'}
    cpu: [x64]
    os: [netbsd]

  '@esbuild/openbsd-x64@0.21.5':
    resolution: {integrity: sha512-HLNNw99xsvx12lFBUwoT8EVCsSvRNDVxNpjZ7bPn947b8gJPzeHWyNVhFsaerc0n3TsbOINvRP2byTZ5LKezow==}
    engines: {node: '>=12'}
    cpu: [x64]
    os: [openbsd]

  '@esbuild/sunos-x64@0.21.5':
    resolution: {integrity: sha512-6+gjmFpfy0BHU5Tpptkuh8+uw3mnrvgs+dSPQXQOv3ekbordwnzTVEb4qnIvQcYXq6gzkyTnoZ9dZG+D4garKg==}
    engines: {node: '>=12'}
    cpu: [x64]
    os: [sunos]

  '@esbuild/win32-arm64@0.21.5':
    resolution: {integrity: sha512-Z0gOTd75VvXqyq7nsl93zwahcTROgqvuAcYDUr+vOv8uHhNSKROyU961kgtCD1e95IqPKSQKH7tBTslnS3tA8A==}
    engines: {node: '>=12'}
    cpu: [arm64]
    os: [win32]

  '@esbuild/win32-ia32@0.21.5':
    resolution: {integrity: sha512-SWXFF1CL2RVNMaVs+BBClwtfZSvDgtL//G/smwAc5oVK/UPu2Gu9tIaRgFmYFFKrmg3SyAjSrElf0TiJ1v8fYA==}
    engines: {node: '>=12'}
    cpu: [ia32]
    os: [win32]

  '@esbuild/win32-x64@0.21.5':
    resolution: {integrity: sha512-tQd/1efJuzPC6rCFwEvLtci/xNFcTZknmXs98FYDfGE4wP9ClFV98nyKrzJKVPMhdDnjzLhdUyMX4PsQAPjwIw==}
    engines: {node: '>=12'}
    cpu: [x64]
    os: [win32]

  '@infectoone/vue-ganttastic@2.3.2':
    resolution: {integrity: sha512-krxHdlZvo4cdS4axQ99qb756RzwieI7LcyY2vAIehJ5Sxd/jz5Pu/vTplTC0Rxqj8T4v1knYPK9uvTMkQYWYng==}
    peerDependencies:
      dayjs: ^1.11.5
      vue: ^3.2.40

  '@intlify/core-base@10.0.0-beta.6':
    resolution: {integrity: sha512-rP7pgznz5Vn4A1U18SdlYdKXo5eItoLdWNETDDauBOH76TQ2vmqb2hkTDn6JSh0EEYeHPOqrcnrGEmE8Rc9DzQ==}
    engines: {node: '>= 16'}

  '@intlify/message-compiler@10.0.0-beta.6':
    resolution: {integrity: sha512-zsChZ15nY73vJMHJPAK5yGM/w9EJxnDiiT+br+7F6052exRUrUUvKrLkvoP3daeMwsE768zVhKqqS439cd4aZw==}
    engines: {node: '>= 16'}

  '@intlify/shared@10.0.0-beta.6':
    resolution: {integrity: sha512-Bz5aiS62ovE/27EpKDT+oFhr2ZYLkjKHuVI4NWz2C+bOuqBkFR20CJgBcmdm2GiAHMdyQfuhY+ThBv1XyHXk3A==}
    engines: {node: '>= 16'}

  '@jridgewell/sourcemap-codec@1.5.0':
    resolution: {integrity: sha512-gv3ZRaISU3fjPAgNsriBRqGWQL6quFx04YMPW/zD8XMLsU32mhCCbfbO6KZFLjvYpCZ8zyDEgqsgf+PwPaM7GQ==}

  '@rollup/rollup-android-arm-eabi@4.21.2':
    resolution: {integrity: sha512-fSuPrt0ZO8uXeS+xP3b+yYTCBUd05MoSp2N/MFOgjhhUhMmchXlpTQrTpI8T+YAwAQuK7MafsCOxW7VrPMrJcg==}
    cpu: [arm]
    os: [android]

  '@rollup/rollup-android-arm64@4.21.2':
    resolution: {integrity: sha512-xGU5ZQmPlsjQS6tzTTGwMsnKUtu0WVbl0hYpTPauvbRAnmIvpInhJtgjj3mcuJpEiuUw4v1s4BimkdfDWlh7gA==}
    cpu: [arm64]
    os: [android]

  '@rollup/rollup-darwin-arm64@4.21.2':
    resolution: {integrity: sha512-99AhQ3/ZMxU7jw34Sq8brzXqWH/bMnf7ZVhvLk9QU2cOepbQSVTns6qoErJmSiAvU3InRqC2RRZ5ovh1KN0d0Q==}
    cpu: [arm64]
    os: [darwin]

  '@rollup/rollup-darwin-x64@4.21.2':
    resolution: {integrity: sha512-ZbRaUvw2iN/y37x6dY50D8m2BnDbBjlnMPotDi/qITMJ4sIxNY33HArjikDyakhSv0+ybdUxhWxE6kTI4oX26w==}
    cpu: [x64]
    os: [darwin]

  '@rollup/rollup-linux-arm-gnueabihf@4.21.2':
    resolution: {integrity: sha512-ztRJJMiE8nnU1YFcdbd9BcH6bGWG1z+jP+IPW2oDUAPxPjo9dverIOyXz76m6IPA6udEL12reYeLojzW2cYL7w==}
    cpu: [arm]
    os: [linux]

  '@rollup/rollup-linux-arm-musleabihf@4.21.2':
    resolution: {integrity: sha512-flOcGHDZajGKYpLV0JNc0VFH361M7rnV1ee+NTeC/BQQ1/0pllYcFmxpagltANYt8FYf9+kL6RSk80Ziwyhr7w==}
    cpu: [arm]
    os: [linux]

  '@rollup/rollup-linux-arm64-gnu@4.21.2':
    resolution: {integrity: sha512-69CF19Kp3TdMopyteO/LJbWufOzqqXzkrv4L2sP8kfMaAQ6iwky7NoXTp7bD6/irKgknDKM0P9E/1l5XxVQAhw==}
    cpu: [arm64]
    os: [linux]

  '@rollup/rollup-linux-arm64-musl@4.21.2':
    resolution: {integrity: sha512-48pD/fJkTiHAZTnZwR0VzHrao70/4MlzJrq0ZsILjLW/Ab/1XlVUStYyGt7tdyIiVSlGZbnliqmult/QGA2O2w==}
    cpu: [arm64]
    os: [linux]

  '@rollup/rollup-linux-powerpc64le-gnu@4.21.2':
    resolution: {integrity: sha512-cZdyuInj0ofc7mAQpKcPR2a2iu4YM4FQfuUzCVA2u4HI95lCwzjoPtdWjdpDKyHxI0UO82bLDoOaLfpZ/wviyQ==}
    cpu: [ppc64]
    os: [linux]

  '@rollup/rollup-linux-riscv64-gnu@4.21.2':
    resolution: {integrity: sha512-RL56JMT6NwQ0lXIQmMIWr1SW28z4E4pOhRRNqwWZeXpRlykRIlEpSWdsgNWJbYBEWD84eocjSGDu/XxbYeCmwg==}
    cpu: [riscv64]
    os: [linux]

  '@rollup/rollup-linux-s390x-gnu@4.21.2':
    resolution: {integrity: sha512-PMxkrWS9z38bCr3rWvDFVGD6sFeZJw4iQlhrup7ReGmfn7Oukrr/zweLhYX6v2/8J6Cep9IEA/SmjXjCmSbrMQ==}
    cpu: [s390x]
    os: [linux]

  '@rollup/rollup-linux-x64-gnu@4.21.2':
    resolution: {integrity: sha512-B90tYAUoLhU22olrafY3JQCFLnT3NglazdwkHyxNDYF/zAxJt5fJUB/yBoWFoIQ7SQj+KLe3iL4BhOMa9fzgpw==}
    cpu: [x64]
    os: [linux]

  '@rollup/rollup-linux-x64-musl@4.21.2':
    resolution: {integrity: sha512-7twFizNXudESmC9oneLGIUmoHiiLppz/Xs5uJQ4ShvE6234K0VB1/aJYU3f/4g7PhssLGKBVCC37uRkkOi8wjg==}
    cpu: [x64]
    os: [linux]

  '@rollup/rollup-win32-arm64-msvc@4.21.2':
    resolution: {integrity: sha512-9rRero0E7qTeYf6+rFh3AErTNU1VCQg2mn7CQcI44vNUWM9Ze7MSRS/9RFuSsox+vstRt97+x3sOhEey024FRQ==}
    cpu: [arm64]
    os: [win32]

  '@rollup/rollup-win32-ia32-msvc@4.21.2':
    resolution: {integrity: sha512-5rA4vjlqgrpbFVVHX3qkrCo/fZTj1q0Xxpg+Z7yIo3J2AilW7t2+n6Q8Jrx+4MrYpAnjttTYF8rr7bP46BPzRw==}
    cpu: [ia32]
    os: [win32]

  '@rollup/rollup-win32-x64-msvc@4.21.2':
    resolution: {integrity: sha512-6UUxd0+SKomjdzuAcp+HAmxw1FlGBnl1v2yEPSabtx4lBfdXHDVsW7+lQkgz9cNFJGY3AWR7+V8P5BqkD9L9nA==}
    cpu: [x64]
    os: [win32]

  '@simonwep/pickr@1.8.2':
    resolution: {integrity: sha512-/l5w8BIkrpP6n1xsetx9MWPWlU6OblN5YgZZphxan0Tq4BByTCETL6lyIeY8lagalS2Nbt4F2W034KHLIiunKA==}

  '@types/estree@1.0.5':
    resolution: {integrity: sha512-/kYRxGDLWzHOB7q+wtSUQlFrtcdUccpfy+X+9iMBpHK8QLLhx2wIPYuS5DYtR9Wa/YlZAbIovy7qVdB1Aq6Lyw==}

  '@types/web-bluetooth@0.0.16':
    resolution: {integrity: sha512-oh8q2Zc32S6gd/j50GowEjKLoOVOwHP/bWVjKJInBwQqdOYMdPrf1oVlelTlyfFK3CKxL1uahMDAr+vy8T7yMQ==}

  '@types/web-bluetooth@0.0.20':
    resolution: {integrity: sha512-g9gZnnXVq7gM7v3tJCWV/qw7w+KeOlSHAhgF9RytFyifW6AF61hdT2ucrYhPq9hLs5JIryeupHV3qGk95dH9ow==}

  '@vitejs/plugin-vue@5.1.3':
    resolution: {integrity: sha512-3xbWsKEKXYlmX82aOHufFQVnkbMC/v8fLpWwh6hWOUrK5fbbtBh9Q/WWse27BFgSy2/e2c0fz5Scgya9h2GLhw==}
    engines: {node: ^18.0.0 || >=20.0.0}
    peerDependencies:
      vite: ^5.0.0
      vue: ^3.2.25

  '@vue/compiler-core@3.4.38':
    resolution: {integrity: sha512-8IQOTCWnLFqfHzOGm9+P8OPSEDukgg3Huc92qSG49if/xI2SAwLHQO2qaPQbjCWPBcQoO1WYfXfTACUrWV3c5A==}

  '@vue/compiler-dom@3.4.38':
    resolution: {integrity: sha512-Osc/c7ABsHXTsETLgykcOwIxFktHfGSUDkb05V61rocEfsFDcjDLH/IHJSNJP+/Sv9KeN2Lx1V6McZzlSb9EhQ==}

  '@vue/compiler-sfc@3.4.38':
    resolution: {integrity: sha512-s5QfZ+9PzPh3T5H4hsQDJtI8x7zdJaew/dCGgqZ2630XdzaZ3AD8xGZfBqpT8oaD/p2eedd+pL8tD5vvt5ZYJQ==}

  '@vue/compiler-ssr@3.4.38':
    resolution: {integrity: sha512-YXznKFQ8dxYpAz9zLuVvfcXhc31FSPFDcqr0kyujbOwNhlmaNvL2QfIy+RZeJgSn5Fk54CWoEUeW+NVBAogGaw==}

  '@vue/devtools-api@6.6.3':
    resolution: {integrity: sha512-0MiMsFma/HqA6g3KLKn+AGpL1kgKhFWszC9U29NfpWK5LE7bjeXxySWJrOJ77hBz+TBrBQ7o4QJqbPbqbs8rJw==}

  '@vue/reactivity@3.4.38':
    resolution: {integrity: sha512-4vl4wMMVniLsSYYeldAKzbk72+D3hUnkw9z8lDeJacTxAkXeDAP1uE9xr2+aKIN0ipOL8EG2GPouVTH6yF7Gnw==}

  '@vue/runtime-core@3.4.38':
    resolution: {integrity: sha512-21z3wA99EABtuf+O3IhdxP0iHgkBs1vuoCAsCKLVJPEjpVqvblwBnTj42vzHRlWDCyxu9ptDm7sI2ZMcWrQqlA==}

  '@vue/runtime-dom@3.4.38':
    resolution: {integrity: sha512-afZzmUreU7vKwKsV17H1NDThEEmdYI+GCAK/KY1U957Ig2NATPVjCROv61R19fjZNzMmiU03n79OMnXyJVN0UA==}

  '@vue/server-renderer@3.4.38':
    resolution: {integrity: sha512-NggOTr82FbPEkkUvBm4fTGcwUY8UuTsnWC/L2YZBmvaQ4C4Jl/Ao4HHTB+l7WnFCt5M/dN3l0XLuyjzswGYVCA==}
    peerDependencies:
      vue: 3.4.38

  '@vue/shared@3.4.38':
    resolution: {integrity: sha512-q0xCiLkuWWQLzVrecPb0RMsNWyxICOjPrcrwxTUEHb1fsnvni4dcuyG7RT/Ie7VPTvnjzIaWzRMUBsrqNj/hhw==}

  '@vueuse/core@10.11.1':
    resolution: {integrity: sha512-guoy26JQktXPcz+0n3GukWIy/JDNKti9v6VEMu6kV2sYBsWuGiTU8OWdg+ADfUbHg3/3DlqySDe7JmdHrktiww==}

  '@vueuse/core@9.13.0':
    resolution: {integrity: sha512-pujnclbeHWxxPRqXWmdkKV5OX4Wk4YeK7wusHqRwU0Q7EFusHoqNA/aPhB6KCh9hEqJkLAJo7bb0Lh9b+OIVzw==}

  '@vueuse/integrations@10.11.1':
    resolution: {integrity: sha512-Y5hCGBguN+vuVYTZmdd/IMXLOdfS60zAmDmFYc4BKBcMUPZH1n4tdyDECCPjXm0bNT3ZRUy1xzTLGaUje8Xyaw==}
    peerDependencies:
      async-validator: ^4
      axios: ^1
      change-case: ^4
      drauu: ^0.3
      focus-trap: ^7
      fuse.js: ^6
      idb-keyval: ^6
      jwt-decode: ^3
      nprogress: ^0.2
      qrcode: ^1.5
      sortablejs: ^1
      universal-cookie: ^6
    peerDependenciesMeta:
      async-validator:
        optional: true
      axios:
        optional: true
      change-case:
        optional: true
      drauu:
        optional: true
      focus-trap:
        optional: true
      fuse.js:
        optional: true
      idb-keyval:
        optional: true
      jwt-decode:
        optional: true
      nprogress:
        optional: true
      qrcode:
        optional: true
      sortablejs:
        optional: true
      universal-cookie:
        optional: true

  '@vueuse/metadata@10.11.1':
    resolution: {integrity: sha512-IGa5FXd003Ug1qAZmyE8wF3sJ81xGLSqTqtQ6jaVfkeZ4i5kS2mwQF61yhVqojRnenVew5PldLyRgvdl4YYuSw==}

  '@vueuse/metadata@9.13.0':
    resolution: {integrity: sha512-gdU7TKNAUVlXXLbaF+ZCfte8BjRJQWPCa2J55+7/h+yDtzw3vOoGQDRXzI6pyKyo6bXFT5/QoPE4hAknExjRLQ==}

  '@vueuse/shared@10.11.1':
    resolution: {integrity: sha512-LHpC8711VFZlDaYUXEBbFBCQ7GS3dVU9mjOhhMhXP6txTV4EhYQg/KGnQuvt/sPAtoUKq7VVUnL6mVtFoL42sA==}

  '@vueuse/shared@9.13.0':
    resolution: {integrity: sha512-UrnhU+Cnufu4S6JLCPZnkWh0WwZGUp72ktOF2DFptMlOs3TOdVv8xJN53zhHGARmVOsz5KqOls09+J1NR6sBKw==}

  '@xpyjs/gantt@2.1.13':
    resolution: {integrity: sha512-zQm+MHQeQrjVuUtwm5/0JYbD+cyqGTfvaKKA5QC9zVdMzdDFBbHWtQjPPh8RwcnFuvEu+uuxVRLYvkIMpGP1qA==}

  adler-32@1.3.1:
    resolution: {integrity: sha512-ynZ4w/nUUv5rrsR8UUGoe1VC9hZj6V5hU9Qw1HlMDJGEJw5S7TfTErWTjMys6M7vr0YWcPqs3qAr4ss0nDfP+A==, tarball: https://registry.npmmirror.com/adler-32/-/adler-32-1.3.1.tgz}
    engines: {node: '>=0.8'}

  ag-charts-types@10.2.0:
    resolution: {integrity: sha512-PUqH1QtugpYLnlbMdeSZVf5PpT1XZVsP69qN1JXhetLtQpVC28zaj7ikwu9CMA9N9b+dBboA9QcjUQUJZVUokQ==, tarball: https://registry.npmmirror.com/ag-charts-types/-/ag-charts-types-10.2.0.tgz}

  ag-grid-community@32.2.2:
    resolution: {integrity: sha512-RQluoEXbTCkYHHwmOUzG4wGBX3yQffFH+52aWJUAFqFKNNHYKYGhjvH2iuAa2xw3CWva1hupUaDpP+Rol32Arg==, tarball: https://registry.npmmirror.com/ag-grid-community/-/ag-grid-community-32.2.2.tgz}

  ag-grid-vue3@32.2.2:
    resolution: {integrity: sha512-i2SK0yd+8rhrNOjq3ylCfr2h9sqiku2O72pJsh9DFibwLlOABK8t5SyIteEclM6jaWzsFC5yZ7zxLe7wFHt/hw==, tarball: https://registry.npmmirror.com/ag-grid-vue3/-/ag-grid-vue3-32.2.2.tgz}

  ant-design-vue@4.2.3:
    resolution: {integrity: sha512-kqGyWvZtFlSInFP93Ow6wS8LzEsxxUgpI+ZY5jQQkuX8WAcqdwXCA7IcHMpECW6JB89DZMo2Bw85jUg2SjlgQA==, tarball: https://registry.npmmirror.com/ant-design-vue/-/ant-design-vue-4.2.3.tgz}
    engines: {node: '>=12.22.0'}
    peerDependencies:
      vue: '>=3.2.0'

  anymatch@3.1.3:
    resolution: {integrity: sha512-KMReFUr0B4t+D+OBkjR3KYqvocp2XaSzO55UcB6mgQMd3KbcE+mWTyvVV7D/zsdEbNnV6acZUutkiHQXvTr1Rw==, tarball: https://registry.npmmirror.com/anymatch/-/anymatch-3.1.3.tgz}
    engines: {node: '>= 8'}

  array-tree-filter@2.1.0:
    resolution: {integrity: sha512-4ROwICNlNw/Hqa9v+rk5h22KjmzB1JGTMVKP2AKJBOCgb0yL0ASf0+YvCcLNNwquOHNX48jkeZIJ3a+oOQqKcw==, tarball: https://registry.npmmirror.com/array-tree-filter/-/array-tree-filter-2.1.0.tgz}

  async-validator@4.2.5:
    resolution: {integrity: sha512-7HhHjtERjqlNbZtqNqy2rckN/SpOOlmDliet+lP7k+eKZEjPk3DgyeU9lIXLdeLz0uBbbVp+9Qdow9wJWgwwfg==, tarball: https://registry.npmmirror.com/async-validator/-/async-validator-4.2.5.tgz}

  binary-extensions@2.3.0:
    resolution: {integrity: sha512-Ceh+7ox5qe7LJuLHoY0feh3pHuUDHAcRUeyL2VYghZwfpkNIy/+8Ocg0a3UuSoYzavmylwuLWQOf3hl0jjMMIw==, tarball: https://registry.npmmirror.com/binary-extensions/-/binary-extensions-2.3.0.tgz}
    engines: {node: '>=8'}

  braces@3.0.3:
    resolution: {integrity: sha512-yQbXgO/OSZVD2IsiLlro+7Hf6Q18EJrKSEsdoMzKePKXct3gvD8oLcOQdIzGupr5Fj+EDe8gO/lxc1BzfMpxvA==, tarball: https://registry.npmmirror.com/braces/-/braces-3.0.3.tgz}
    engines: {node: '>=8'}

  cfb@1.2.2:
    resolution: {integrity: sha512-KfdUZsSOw19/ObEWasvBP/Ac4reZvAGauZhs6S/gqNhXhI7cKwvlH7ulj+dOEYnca4bm4SGo8C1bTAQvnTjgQA==, tarball: https://registry.npmmirror.com/cfb/-/cfb-1.2.2.tgz}
    engines: {node: '>=0.8'}

  chokidar@3.6.0:
    resolution: {integrity: sha512-7VT13fmjotKpGipCW9JEQAusEPE+Ei8nl6/g4FBAmIm0GOOLMua9NDDo/DWp0ZAxCr3cPq5ZpBqmPAQgDda2Pw==, tarball: https://registry.npmmirror.com/chokidar/-/chokidar-3.6.0.tgz}
    engines: {node: '>= 8.10.0'}

  codepage@1.15.0:
    resolution: {integrity: sha512-3g6NUTPd/YtuuGrhMnOMRjFc+LJw/bnMp3+0r/Wcz3IXUuCosKRJvMphm5+Q+bvTVGcJJuRvVLuYba+WojaFaA==, tarball: https://registry.npmmirror.com/codepage/-/codepage-1.15.0.tgz}
    engines: {node: '>=0.8'}

  compute-scroll-into-view@1.0.20:
    resolution: {integrity: sha512-UCB0ioiyj8CRjtrvaceBLqqhZCVP+1B8+NWQhmdsm0VXOJtobBCf1dBQmebCCo34qZmUwZfIH2MZLqNHazrfjg==, tarball: https://registry.npmmirror.com/compute-scroll-into-view/-/compute-scroll-into-view-1.0.20.tgz}

  core-js@3.38.1:
    resolution: {integrity: sha512-OP35aUorbU3Zvlx7pjsFdu1rGNnD4pgw/CWoYzRY3t2EzoVT7shKHY1dlAy3f41cGIO7ZDPQimhGFTlEYkG/Hw==, tarball: https://registry.npmmirror.com/core-js/-/core-js-3.38.1.tgz}

  crc-32@1.2.2:
    resolution: {integrity: sha512-ROmzCKrTnOwybPcJApAA6WBWij23HVfGVNKqqrZpuyZOHqK2CwHSvpGuyt/UNNvaIjEd8X5IFGp4Mh+Ie1IHJQ==, tarball: https://registry.npmmirror.com/crc-32/-/crc-32-1.2.2.tgz}
    engines: {node: '>=0.8'}
    hasBin: true

  csstype@3.1.3:
    resolution: {integrity: sha512-M1uQkMl8rQK/szD0LNhtqxIPLpimGm8sOBwU7lLnCpSbTyY3yeU1Vc7l4KT5zT4s/yOxHH5O7tIuuLOCnLADRw==, tarball: https://registry.npmmirror.com/csstype/-/csstype-3.1.3.tgz}

  dayjs@1.11.13:
    resolution: {integrity: sha512-oaMBel6gjolK862uaPQOVTA7q3TZhuSvuMQAAglQDOWYO9A91IrAOUJEyKVlqJlHE0vq5p5UXxzdPfMH/x6xNg==, tarball: https://registry.npmmirror.com/dayjs/-/dayjs-1.11.13.tgz}

  dom-align@1.12.4:
    resolution: {integrity: sha512-R8LUSEay/68zE5c8/3BDxiTEvgb4xZTF0RKmAHfiEVN3klfIpXfi2/QCoiWPccVQ0J/ZGdz9OjzL4uJEP/MRAw==, tarball: https://registry.npmmirror.com/dom-align/-/dom-align-1.12.4.tgz}

  dom-scroll-into-view@2.0.1:
    resolution: {integrity: sha512-bvVTQe1lfaUr1oFzZX80ce9KLDlZ3iU+XGNE/bz9HnGdklTieqsbmsLHe+rT2XWqopvL0PckkYqN7ksmm5pe3w==, tarball: https://registry.npmmirror.com/dom-scroll-into-view/-/dom-scroll-into-view-2.0.1.tgz}

  entities@4.5.0:
    resolution: {integrity: sha512-V0hjH4dGPh9Ao5p0MoRY6BVqtwCjhz6vI5LT8AJ55H+4g9/4vbHx1I54fS0XuclLhDHArPQCiMjDxjaL8fPxhw==, tarball: https://registry.npmmirror.com/entities/-/entities-4.5.0.tgz}
    engines: {node: '>=0.12'}

  esbuild@0.21.5:
    resolution: {integrity: sha512-mg3OPMV4hXywwpoDxu3Qda5xCKQi+vCTZq8S9J/EpkhB2HzKXq4SNFZE3+NK93JYxc8VMSep+lOUSC/RVKaBqw==, tarball: https://registry.npmmirror.com/esbuild/-/esbuild-0.21.5.tgz}
    engines: {node: '>=12'}
    hasBin: true

  estree-walker@2.0.2:
    resolution: {integrity: sha512-Rfkk/Mp/DL7JVje3u18FxFujQlTNR2q6QfMSMB7AvCBx91NGj/ba3kCfza0f6dVDbw7YlRf/nDrn7pQrCCyQ/w==, tarball: https://registry.npmmirror.com/estree-walker/-/estree-walker-2.0.2.tgz}

  fill-range@7.1.1:
    resolution: {integrity: sha512-YsGpe3WHLK8ZYi4tWDg2Jy3ebRz2rXowDxnld4bkQB00cc/1Zw9AWnC0i9ztDJitivtQvaI9KaLyKrc+hBW0yg==, tarball: https://registry.npmmirror.com/fill-range/-/fill-range-7.1.1.tgz}
    engines: {node: '>=8'}

  frac@1.1.2:
    resolution: {integrity: sha512-w/XBfkibaTl3YDqASwfDUqkna4Z2p9cFSr1aHDt0WoMTECnRfBOv2WArlZILlqgWlmdIlALXGpM2AOhEk5W3IA==, tarball: https://registry.npmmirror.com/frac/-/frac-1.1.2.tgz}
    engines: {node: '>=0.8'}

  frappe-gantt@0.6.1:
    resolution: {integrity: sha512-1cSU9vLbwypjzaxnCfnEE03Xr3HlAV2S8dRtjxw62o+amkx1A8bBIFd2jp84mcDdTCM77Ij4LzZBslAKZB8oMg==, tarball: https://registry.npmmirror.com/frappe-gantt/-/frappe-gantt-0.6.1.tgz}

  fsevents@2.3.3:
    resolution: {integrity: sha512-5xoDfX+fL7faATnagmWPpbFtwh/R77WmMMqqHGS65C3vvB0YHrgF+B1YmZ3441tMj5n63k0212XNoJwzlhffQw==, tarball: https://registry.npmmirror.com/fsevents/-/fsevents-2.3.3.tgz}
    engines: {node: ^8.16.0 || ^10.6.0 || >=11.0.0}
    os: [darwin]

  glob-parent@5.1.2:
    resolution: {integrity: sha512-AOIgSQCepiJYwP3ARnGx+5VnTu2HBYdzbGP45eLw1vr3zB3vZLeyed1sC9hnbcOc9/SrMyM5RPQrkGz4aS9Zow==, tarball: https://registry.npmmirror.com/glob-parent/-/glob-parent-5.1.2.tgz}
    engines: {node: '>= 6'}

  immutable@4.3.7:
    resolution: {integrity: sha512-1hqclzwYwjRDFLjcFxOM5AYkkG0rpFPpr1RLPMEuGczoS7YA8gLhy8SWXYRAA/XwfEHpfo3cw5JGioS32fnMRw==, tarball: https://registry.npmmirror.com/immutable/-/immutable-4.3.7.tgz}

  is-binary-path@2.1.0:
    resolution: {integrity: sha512-ZMERYes6pDydyuGidse7OsHxtbI7WVeUEozgR/g7rd0xUimYNlvZRE/K2MgZTjWy725IfelLeVcEM97mmtRGXw==, tarball: https://registry.npmmirror.com/is-binary-path/-/is-binary-path-2.1.0.tgz}
    engines: {node: '>=8'}

  is-extglob@2.1.1:
    resolution: {integrity: sha512-SbKbANkN603Vi4jEZv49LeVJMn4yGwsbzZworEoyEiutsN3nJYdbO36zfhGJ6QEDpOZIFkDtnq5JRxmvl3jsoQ==, tarball: https://registry.npmmirror.com/is-extglob/-/is-extglob-2.1.1.tgz}
    engines: {node: '>=0.10.0'}

  is-glob@4.0.3:
    resolution: {integrity: sha512-xelSayHH36ZgE7ZWhli7pW34hNbNl8Ojv5KVmkJD4hBdD3th8Tfk9vYasLM+mXWOZhFkgZfxhLSnrwRr4elSSg==, tarball: https://registry.npmmirror.com/is-glob/-/is-glob-4.0.3.tgz}
    engines: {node: '>=0.10.0'}

  is-number@7.0.0:
    resolution: {integrity: sha512-41Cifkg6e8TylSpdtTpeLVMqvSBEVzTttHvERD741+pnZ8ANv0004MRL43QKPDlK9cGvNp6NZWZUBlbGXYxxng==, tarball: https://registry.npmmirror.com/is-number/-/is-number-7.0.0.tgz}
    engines: {node: '>=0.12.0'}

  is-plain-object@3.0.1:
    resolution: {integrity: sha512-Xnpx182SBMrr/aBik8y+GuR4U1L9FqMSojwDQwPMmxyC6bvEqly9UBCxhauBF5vNh2gwWJNX6oDV7O+OM4z34g==, tarball: https://registry.npmmirror.com/is-plain-object/-/is-plain-object-3.0.1.tgz}
    engines: {node: '>=0.10.0'}

  js-tokens@4.0.0:
    resolution: {integrity: sha512-RdJUflcE3cUzKiMqQgsCu06FPu9UdIJO0beYbPhHN4k6apgJtifcoCtT9bcxOpYBtpD2kCM6Sbzg4CausW/PKQ==, tarball: https://registry.npmmirror.com/js-tokens/-/js-tokens-4.0.0.tgz}

  lodash-es@4.17.21:
    resolution: {integrity: sha512-mKnC+QJ9pWVzv+C4/U3rRsHapFfHvQFoFB92e52xeyGMcX6/OlIl78je1u8vePzYZSkkogMPJ2yjxxsb89cxyw==, tarball: https://registry.npmmirror.com/lodash-es/-/lodash-es-4.17.21.tgz}

  lodash@4.17.21:
    resolution: {integrity: sha512-v2kDEe57lecTulaDIuNTPy3Ry4gLGJ6Z1O3vE1krgXZNrsQ+LFTGHVxVjcXPs17LhbZVGedAJv8XZ1tvj5FvSg==, tarball: https://registry.npmmirror.com/lodash/-/lodash-4.17.21.tgz}

  loose-envify@1.4.0:
    resolution: {integrity: sha512-lyuxPGr/Wfhrlem2CL/UcnUc1zcqKAImBDzukY7Y5F/yQiNdko6+fRLevlw1HgMySw7f611UIY408EtxRSoK3Q==, tarball: https://registry.npmmirror.com/loose-envify/-/loose-envify-1.4.0.tgz}
    hasBin: true

  magic-string@0.30.11:
    resolution: {integrity: sha512-+Wri9p0QHMy+545hKww7YAu5NyzF8iomPL/RQazugQ9+Ez4Ic3mERMd8ZTX5rfK944j+560ZJi8iAwgak1Ac7A==, tarball: https://registry.npmmirror.com/magic-string/-/magic-string-0.30.11.tgz}

  mitt@2.1.0:
    resolution: {integrity: sha512-ILj2TpLiysu2wkBbWjAmww7TkZb65aiQO+DkVdUTBpBXq+MHYiETENkKFMtsJZX1Lf4pe4QOrTSjIfUwN5lRdg==, tarball: https://registry.npmmirror.com/mitt/-/mitt-2.1.0.tgz}

  nanoid@3.3.7:
    resolution: {integrity: sha512-eSRppjcPIatRIMC1U6UngP8XFcz8MQWGQdt1MTBQ7NaAmvXDfvNxbvWV3x2y6CdEUciCSsDHDQZbhYaB8QEo2g==, tarball: https://registry.npmmirror.com/nanoid/-/nanoid-3.3.7.tgz}
    engines: {node: ^10 || ^12 || ^13.7 || ^14 || >=15.0.1}
    hasBin: true

  nanopop@2.4.2:
    resolution: {integrity: sha512-NzOgmMQ+elxxHeIha+OG/Pv3Oc3p4RU2aBhwWwAqDpXrdTbtRylbRLQztLy8dMMwfl6pclznBdfUhccEn9ZIzw==, tarball: https://registry.npmmirror.com/nanopop/-/nanopop-2.4.2.tgz}

  normalize-path@3.0.0:
    resolution: {integrity: sha512-6eZs5Ls3WtCisHWp9S2GUy8dqkpGi4BVSz3GaqiE6ezub0512ESztXUwUB6C6IKbQkY2Pnb/mD4WYojCRwcwLA==, tarball: https://registry.npmmirror.com/normalize-path/-/normalize-path-3.0.0.tgz}
    engines: {node: '>=0.10.0'}

  picocolors@1.0.1:
    resolution: {integrity: sha512-anP1Z8qwhkbmu7MFP5iTt+wQKXgwzf7zTyGlcdzabySa9vd0Xt392U0rVmz9poOaBj0uHJKyyo9/upk0HrEQew==, tarball: https://registry.npmmirror.com/picocolors/-/picocolors-1.0.1.tgz}

  picomatch@2.3.1:
    resolution: {integrity: sha512-JU3teHTNjmE2VCGFzuY8EXzCDVwEqB2a8fsIvwaStHhAWJEeVd1o1QD80CU6+ZdEXXSLbSsuLwJjkCBWqRQUVA==, tarball: https://registry.npmmirror.com/picomatch/-/picomatch-2.3.1.tgz}
    engines: {node: '>=8.6'}

  postcss@8.4.44:
    resolution: {integrity: sha512-Aweb9unOEpQ3ezu4Q00DPvvM2ZTUitJdNKeP/+uQgr1IBIqu574IaZoURId7BKtWMREwzKa9OgzPzezWGPWFQw==, tarball: https://registry.npmmirror.com/postcss/-/postcss-8.4.44.tgz}
    engines: {node: ^10 || ^12 || >=14}

  readdirp@3.6.0:
    resolution: {integrity: sha512-hOS089on8RduqdbhvQ5Z37A0ESjsqz6qnRcffsMU3495FuTdqSm+7bhJ29JvIOsBDEEnan5DPu9t3To9VRlMzA==, tarball: https://registry.npmmirror.com/readdirp/-/readdirp-3.6.0.tgz}
    engines: {node: '>=8.10.0'}

  regenerator-runtime@0.14.1:
    resolution: {integrity: sha512-dYnhHh0nJoMfnkZs6GmmhFknAGRrLznOu5nc9ML+EJxGvrx6H7teuevqVqCuPcPK//3eDrrjQhehXVx9cnkGdw==, tarball: https://registry.npmmirror.com/regenerator-runtime/-/regenerator-runtime-0.14.1.tgz}

  resize-observer-polyfill@1.5.1:
    resolution: {integrity: sha512-LwZrotdHOo12nQuZlHEmtuXdqGoOD0OhaxopaNFxWzInpEgaLWoVuAMbTzixuosCx2nEG58ngzW3vxdWoxIgdg==, tarball: https://registry.npmmirror.com/resize-observer-polyfill/-/resize-observer-polyfill-1.5.1.tgz}

  rollup@4.21.2:
    resolution: {integrity: sha512-e3TapAgYf9xjdLvKQCkQTnbTKd4a6jwlpQSJJFokHGaX2IVjoEqkIIhiQfqsi0cdwlOD+tQGuOd5AJkc5RngBw==, tarball: https://registry.npmmirror.com/rollup/-/rollup-4.21.2.tgz}
    engines: {node: '>=18.0.0', npm: '>=8.0.0'}
    hasBin: true

  sass@1.77.8:
    resolution: {integrity: sha512-4UHg6prsrycW20fqLGPShtEvo/WyHRVRHwOP4DzkUrObWoWI05QBSfzU71TVB7PFaL104TwNaHpjlWXAZbQiNQ==, tarball: https://registry.npmmirror.com/sass/-/sass-1.77.8.tgz}
    engines: {node: '>=14.0.0'}
    hasBin: true

  scroll-into-view-if-needed@2.2.31:
    resolution: {integrity: sha512-dGCXy99wZQivjmjIqihaBQNjryrz5rueJY7eHfTdyWEiR4ttYpsajb14rn9s5d4DY4EcY6+4+U/maARBXJedkA==, tarball: https://registry.npmmirror.com/scroll-into-view-if-needed/-/scroll-into-view-if-needed-2.2.31.tgz}

  shallow-equal@1.2.1:
    resolution: {integrity: sha512-S4vJDjHHMBaiZuT9NPb616CSmLf618jawtv3sufLl6ivK8WocjAo58cXwbRV1cgqxH0Qbv+iUt6m05eqEa2IRA==, tarball: https://registry.npmmirror.com/shallow-equal/-/shallow-equal-1.2.1.tgz}

  sortablejs@1.15.3:
    resolution: {integrity: sha512-zdK3/kwwAK1cJgy1rwl1YtNTbRmc8qW/+vgXf75A7NHag5of4pyI6uK86ktmQETyWRH7IGaE73uZOOBcGxgqZg==, tarball: https://registry.npmmirror.com/sortablejs/-/sortablejs-1.15.3.tgz}

  source-map-js@1.2.0:
    resolution: {integrity: sha512-itJW8lvSA0TXEphiRoawsCksnlf8SyvmFzIhltqAHluXd88pkCd+cXJVHTDwdCr0IzwptSm035IHQktUu1QUMg==, tarball: https://registry.npmmirror.com/source-map-js/-/source-map-js-1.2.0.tgz}
    engines: {node: '>=0.10.0'}

  ssf@0.11.2:
    resolution: {integrity: sha512-+idbmIXoYET47hH+d7dfm2epdOMUDjqcB4648sTZ+t2JwoyBFL/insLfB/racrDmsKB3diwsDA696pZMieAC5g==, tarball: https://registry.npmmirror.com/ssf/-/ssf-0.11.2.tgz}
    engines: {node: '>=0.8'}

  stylis@4.3.4:
    resolution: {integrity: sha512-osIBl6BGUmSfDkyH2mB7EFvCJntXDrLhKjHTRj/rK6xLH0yuPrHULDRQzKokSOD4VoorhtKpfcfW1GAntu8now==, tarball: https://registry.npmmirror.com/stylis/-/stylis-4.3.4.tgz}

  throttle-debounce@5.0.2:
    resolution: {integrity: sha512-B71/4oyj61iNH0KeCamLuE2rmKuTO5byTOSVwECM5FA7TiAiAW+UqTKZ9ERueC4qvgSttUhdmq1mXC3kJqGX7A==, tarball: https://registry.npmmirror.com/throttle-debounce/-/throttle-debounce-5.0.2.tgz}
    engines: {node: '>=12.22'}

  to-fast-properties@2.0.0:
    resolution: {integrity: sha512-/OaKK0xYrs3DmxRYqL/yDc+FxFUVYhDlXMhRmv3z915w2HF1tnN1omB354j8VUGO/hbRzyD6Y3sA7v7GS/ceog==, tarball: https://registry.npmmirror.com/to-fast-properties/-/to-fast-properties-2.0.0.tgz}
    engines: {node: '>=4'}

  to-regex-range@5.0.1:
    resolution: {integrity: sha512-65P7iz6X5yEr1cwcgvQxbbIw7Uk3gOy5dIdtZ4rDveLqhrdJP+Li/Hx6tyK0NEb+2GCyneCMJiGqrADCSNk8sQ==, tarball: https://registry.npmmirror.com/to-regex-range/-/to-regex-range-5.0.1.tgz}
    engines: {node: '>=8.0'}

  vite@5.4.2:
    resolution: {integrity: sha512-dDrQTRHp5C1fTFzcSaMxjk6vdpKvT+2/mIdE07Gw2ykehT49O0z/VHS3zZ8iV/Gh8BJJKHWOe5RjaNrW5xf/GA==, tarball: https://registry.npmmirror.com/vite/-/vite-5.4.2.tgz}
    engines: {node: ^18.0.0 || >=20.0.0}
    hasBin: true
    peerDependencies:
      '@types/node': ^18.0.0 || >=20.0.0
      less: '*'
      lightningcss: ^1.21.0
      sass: '*'
      sass-embedded: '*'
      stylus: '*'
      sugarss: '*'
      terser: ^5.4.0
    peerDependenciesMeta:
      '@types/node':
        optional: true
      less:
        optional: true
      lightningcss:
        optional: true
      sass:
        optional: true
      sass-embedded:
        optional: true
      stylus:
        optional: true
      sugarss:
        optional: true
      terser:
        optional: true

  vue-demi@0.14.10:
    resolution: {integrity: sha512-nMZBOwuzabUO0nLgIcc6rycZEebF6eeUfaiQx9+WSk8e29IbLvPU9feI6tqW4kTo3hvoYAJkMh8n8D0fuISphg==, tarball: https://registry.npmmirror.com/vue-demi/-/vue-demi-0.14.10.tgz}
    engines: {node: '>=12'}
    hasBin: true
    peerDependencies:
      '@vue/composition-api': ^1.0.0-rc.1
      vue: ^3.0.0-0 || ^2.6.0
    peerDependenciesMeta:
      '@vue/composition-api':
        optional: true

  vue-i18n@10.0.0-beta.6:
    resolution: {integrity: sha512-LHP+ykIw7KHtu83zJMrP3NIV5JTz7eokC0ovFYn4FNXW4F9eEXup9ZjUj7SWgkgUJcgxtTYXGowxsRSu2K/6aQ==, tarball: https://registry.npmmirror.com/vue-i18n/-/vue-i18n-10.0.0-beta.6.tgz}
    engines: {node: '>= 16'}
    peerDependencies:
      vue: ^3.0.0

  vue-observe-visibility@2.0.0-alpha.1:
    resolution: {integrity: sha512-flFbp/gs9pZniXR6fans8smv1kDScJ8RS7rEpMjhVabiKeq7Qz3D9+eGsypncjfIyyU84saU88XZ0zjbD6Gq/g==, tarball: https://registry.npmmirror.com/vue-observe-visibility/-/vue-observe-visibility-2.0.0-alpha.1.tgz}
    peerDependencies:
      vue: ^3.0.0

  vue-resize@2.0.0-alpha.1:
    resolution: {integrity: sha512-7+iqOueLU7uc9NrMfrzbG8hwMqchfVfSzpVlCMeJQe4pyibqyoifDNbKTZvwxZKDvGkB+PdFeKvnGZMoEb8esg==, tarball: https://registry.npmmirror.com/vue-resize/-/vue-resize-2.0.0-alpha.1.tgz}
    peerDependencies:
      vue: ^3.0.0

  vue-router@4.4.3:
    resolution: {integrity: sha512-sv6wmNKx2j3aqJQDMxLFzs/u/mjA9Z5LCgy6BE0f7yFWMjrPLnS/sPNn8ARY/FXw6byV18EFutn5lTO6+UsV5A==, tarball: https://registry.npmmirror.com/vue-router/-/vue-router-4.4.3.tgz}
    peerDependencies:
      vue: ^3.2.0

  vue-types@3.0.2:
    resolution: {integrity: sha512-IwUC0Aq2zwaXqy74h4WCvFCUtoV0iSWr0snWnE9TnU18S66GAQyqQbRf2qfJtUuiFsBf6qp0MEwdonlwznlcrw==, tarball: https://registry.npmmirror.com/vue-types/-/vue-types-3.0.2.tgz}
    engines: {node: '>=10.15.0'}
    peerDependencies:
      vue: ^3.0.0

  vue-virtual-scroller@2.0.0-beta.8:
    resolution: {integrity: sha512-b8/f5NQ5nIEBRTNi6GcPItE4s7kxNHw2AIHLtDp+2QvqdTjVN0FgONwX9cr53jWRgnu+HRLPaWDOR2JPI5MTfQ==, tarball: https://registry.npmmirror.com/vue-virtual-scroller/-/vue-virtual-scroller-2.0.0-beta.8.tgz}
    peerDependencies:
      vue: ^3.2.0

  vue@3.4.38:
    resolution: {integrity: sha512-f0ZgN+mZ5KFgVv9wz0f4OgVKukoXtS3nwET4c2vLBGQR50aI8G0cqbFtLlX9Yiyg3LFGBitruPHt2PxwTduJEw==, tarball: https://registry.npmmirror.com/vue/-/vue-3.4.38.tgz}
    peerDependencies:
      typescript: '*'
    peerDependenciesMeta:
      typescript:
        optional: true

  warning@4.0.3:
    resolution: {integrity: sha512-rpJyN222KWIvHJ/F53XSZv0Zl/accqHR8et1kpaMTD/fLCRxtV8iX8czMzY7sVZupTI3zcUTg8eycS2kNF9l6w==, tarball: https://registry.npmmirror.com/warning/-/warning-4.0.3.tgz}

  wmf@1.0.2:
    resolution: {integrity: sha512-/p9K7bEh0Dj6WbXg4JG0xvLQmIadrner1bi45VMJTfnbVHsc7yIajZyoSoK60/dtVBs12Fm6WkUI5/3WAVsNMw==, tarball: https://registry.npmmirror.com/wmf/-/wmf-1.0.2.tgz}
    engines: {node: '>=0.8'}

  word@0.3.0:
    resolution: {integrity: sha512-OELeY0Q61OXpdUfTp+oweA/vtLVg5VDOXh+3he3PNzLGG/y0oylSOC1xRVj0+l4vQ3tj/bB1HVHv1ocXkQceFA==, tarball: https://registry.npmmirror.com/word/-/word-0.3.0.tgz}
    engines: {node: '>=0.8'}

  xlsx@0.18.5:
    resolution: {integrity: sha512-dmg3LCjBPHZnQp5/F/+nnTa+miPJxUXB6vtk42YjBBKayDNagxGEeIdWApkYPOf3Z3pm3k62Knjzp7lMeTEtFQ==, tarball: https://registry.npmmirror.com/xlsx/-/xlsx-0.18.5.tgz}
    engines: {node: '>=0.8'}
    hasBin: true

snapshots:

  '@ant-design/colors@6.0.0':
    dependencies:
      '@ctrl/tinycolor': 3.6.1

  '@ant-design/icons-svg@4.4.2': {}

  '@ant-design/icons-vue@7.0.1(vue@3.4.38)':
    dependencies:
      '@ant-design/colors': 6.0.0
      '@ant-design/icons-svg': 4.4.2
      vue: 3.4.38

  '@babel/helper-string-parser@7.24.8': {}

  '@babel/helper-validator-identifier@7.24.7': {}

  '@babel/parser@7.25.6':
    dependencies:
      '@babel/types': 7.25.6

  '@babel/runtime@7.25.6':
    dependencies:
      regenerator-runtime: 0.14.1

  '@babel/types@7.25.6':
    dependencies:
      '@babel/helper-string-parser': 7.24.8
      '@babel/helper-validator-identifier': 7.24.7
      to-fast-properties: 2.0.0

  '@ctrl/tinycolor@3.6.1': {}

  '@emotion/hash@0.9.2': {}

  '@emotion/unitless@0.8.1': {}

  '@esbuild/aix-ppc64@0.21.5':
    optional: true

  '@esbuild/android-arm64@0.21.5':
    optional: true

  '@esbuild/android-arm@0.21.5':
    optional: true

  '@esbuild/android-x64@0.21.5':
    optional: true

  '@esbuild/darwin-arm64@0.21.5':
    optional: true

  '@esbuild/darwin-x64@0.21.5':
    optional: true

  '@esbuild/freebsd-arm64@0.21.5':
    optional: true

  '@esbuild/freebsd-x64@0.21.5':
    optional: true

  '@esbuild/linux-arm64@0.21.5':
    optional: true

  '@esbuild/linux-arm@0.21.5':
    optional: true

  '@esbuild/linux-ia32@0.21.5':
    optional: true

  '@esbuild/linux-loong64@0.21.5':
    optional: true

  '@esbuild/linux-mips64el@0.21.5':
    optional: true

  '@esbuild/linux-ppc64@0.21.5':
    optional: true

  '@esbuild/linux-riscv64@0.21.5':
    optional: true

  '@esbuild/linux-s390x@0.21.5':
    optional: true

  '@esbuild/linux-x64@0.21.5':
    optional: true

  '@esbuild/netbsd-x64@0.21.5':
    optional: true

  '@esbuild/openbsd-x64@0.21.5':
    optional: true

  '@esbuild/sunos-x64@0.21.5':
    optional: true

  '@esbuild/win32-arm64@0.21.5':
    optional: true

  '@esbuild/win32-ia32@0.21.5':
    optional: true

  '@esbuild/win32-x64@0.21.5':
    optional: true

  '@infectoone/vue-ganttastic@2.3.2(dayjs@1.11.13)(vue@3.4.38)':
    dependencies:
      '@vueuse/core': 9.13.0(vue@3.4.38)
      dayjs: 1.11.13
      vue: 3.4.38
    transitivePeerDependencies:
      - '@vue/composition-api'

  '@intlify/core-base@10.0.0-beta.6':
    dependencies:
      '@intlify/message-compiler': 10.0.0-beta.6
      '@intlify/shared': 10.0.0-beta.6

  '@intlify/message-compiler@10.0.0-beta.6':
    dependencies:
      '@intlify/shared': 10.0.0-beta.6
      source-map-js: 1.2.0

  '@intlify/shared@10.0.0-beta.6': {}

  '@jridgewell/sourcemap-codec@1.5.0': {}

  '@rollup/rollup-android-arm-eabi@4.21.2':
    optional: true

  '@rollup/rollup-android-arm64@4.21.2':
    optional: true

  '@rollup/rollup-darwin-arm64@4.21.2':
    optional: true

  '@rollup/rollup-darwin-x64@4.21.2':
    optional: true

  '@rollup/rollup-linux-arm-gnueabihf@4.21.2':
    optional: true

  '@rollup/rollup-linux-arm-musleabihf@4.21.2':
    optional: true

  '@rollup/rollup-linux-arm64-gnu@4.21.2':
    optional: true

  '@rollup/rollup-linux-arm64-musl@4.21.2':
    optional: true

  '@rollup/rollup-linux-powerpc64le-gnu@4.21.2':
    optional: true

  '@rollup/rollup-linux-riscv64-gnu@4.21.2':
    optional: true

  '@rollup/rollup-linux-s390x-gnu@4.21.2':
    optional: true

  '@rollup/rollup-linux-x64-gnu@4.21.2':
    optional: true

  '@rollup/rollup-linux-x64-musl@4.21.2':
    optional: true

  '@rollup/rollup-win32-arm64-msvc@4.21.2':
    optional: true

  '@rollup/rollup-win32-ia32-msvc@4.21.2':
    optional: true

  '@rollup/rollup-win32-x64-msvc@4.21.2':
    optional: true

  '@simonwep/pickr@1.8.2':
    dependencies:
      core-js: 3.38.1
      nanopop: 2.4.2

  '@types/estree@1.0.5': {}

  '@types/web-bluetooth@0.0.16': {}

  '@types/web-bluetooth@0.0.20': {}

  '@vitejs/plugin-vue@5.1.3(vite@5.4.2(sass@1.77.8))(vue@3.4.38)':
    dependencies:
      vite: 5.4.2(sass@1.77.8)
      vue: 3.4.38

  '@vue/compiler-core@3.4.38':
    dependencies:
      '@babel/parser': 7.25.6
      '@vue/shared': 3.4.38
      entities: 4.5.0
      estree-walker: 2.0.2
      source-map-js: 1.2.0

  '@vue/compiler-dom@3.4.38':
    dependencies:
      '@vue/compiler-core': 3.4.38
      '@vue/shared': 3.4.38

  '@vue/compiler-sfc@3.4.38':
    dependencies:
      '@babel/parser': 7.25.6
      '@vue/compiler-core': 3.4.38
      '@vue/compiler-dom': 3.4.38
      '@vue/compiler-ssr': 3.4.38
      '@vue/shared': 3.4.38
      estree-walker: 2.0.2
      magic-string: 0.30.11
      postcss: 8.4.44
      source-map-js: 1.2.0

  '@vue/compiler-ssr@3.4.38':
    dependencies:
      '@vue/compiler-dom': 3.4.38
      '@vue/shared': 3.4.38

  '@vue/devtools-api@6.6.3': {}

  '@vue/reactivity@3.4.38':
    dependencies:
      '@vue/shared': 3.4.38

  '@vue/runtime-core@3.4.38':
    dependencies:
      '@vue/reactivity': 3.4.38
      '@vue/shared': 3.4.38

  '@vue/runtime-dom@3.4.38':
    dependencies:
      '@vue/reactivity': 3.4.38
      '@vue/runtime-core': 3.4.38
      '@vue/shared': 3.4.38
      csstype: 3.1.3

  '@vue/server-renderer@3.4.38(vue@3.4.38)':
    dependencies:
      '@vue/compiler-ssr': 3.4.38
      '@vue/shared': 3.4.38
      vue: 3.4.38

  '@vue/shared@3.4.38': {}

  '@vueuse/core@10.11.1(vue@3.4.38)':
    dependencies:
      '@types/web-bluetooth': 0.0.20
      '@vueuse/metadata': 10.11.1
      '@vueuse/shared': 10.11.1(vue@3.4.38)
      vue-demi: 0.14.10(vue@3.4.38)
    transitivePeerDependencies:
      - '@vue/composition-api'
      - vue

  '@vueuse/core@9.13.0(vue@3.4.38)':
    dependencies:
      '@types/web-bluetooth': 0.0.16
      '@vueuse/metadata': 9.13.0
      '@vueuse/shared': 9.13.0(vue@3.4.38)
      vue-demi: 0.14.10(vue@3.4.38)
    transitivePeerDependencies:
      - '@vue/composition-api'
      - vue

  '@vueuse/integrations@10.11.1(async-validator@4.2.5)(sortablejs@1.15.3)(vue@3.4.38)':
    dependencies:
      '@vueuse/core': 10.11.1(vue@3.4.38)
      '@vueuse/shared': 10.11.1(vue@3.4.38)
      vue-demi: 0.14.10(vue@3.4.38)
    optionalDependencies:
      async-validator: 4.2.5
      sortablejs: 1.15.3
    transitivePeerDependencies:
      - '@vue/composition-api'
      - vue

  '@vueuse/metadata@10.11.1': {}

  '@vueuse/metadata@9.13.0': {}

  '@vueuse/shared@10.11.1(vue@3.4.38)':
    dependencies:
      vue-demi: 0.14.10(vue@3.4.38)
    transitivePeerDependencies:
      - '@vue/composition-api'
      - vue

  '@vueuse/shared@9.13.0(vue@3.4.38)':
    dependencies:
      vue-demi: 0.14.10(vue@3.4.38)
    transitivePeerDependencies:
      - '@vue/composition-api'
      - vue

  '@xpyjs/gantt@2.1.13(async-validator@4.2.5)(vue@3.4.38)':
    dependencies:
      '@vueuse/core': 10.11.1(vue@3.4.38)
      '@vueuse/integrations': 10.11.1(async-validator@4.2.5)(sortablejs@1.15.3)(vue@3.4.38)
      dayjs: 1.11.13
      lodash: 4.17.21
      sortablejs: 1.15.3
    transitivePeerDependencies:
      - '@vue/composition-api'
      - async-validator
      - axios
      - change-case
      - drauu
      - focus-trap
      - fuse.js
      - idb-keyval
      - jwt-decode
      - nprogress
      - qrcode
      - universal-cookie
      - vue

  adler-32@1.3.1: {}

  ag-charts-types@10.2.0: {}

  ag-grid-community@32.2.2:
    dependencies:
      ag-charts-types: 10.2.0

  ag-grid-vue3@32.2.2:
    dependencies:
      ag-grid-community: 32.2.2
      vue: 3.4.38
    transitivePeerDependencies:
      - typescript

  ant-design-vue@4.2.3(vue@3.4.38):
    dependencies:
      '@ant-design/colors': 6.0.0
      '@ant-design/icons-vue': 7.0.1(vue@3.4.38)
      '@babel/runtime': 7.25.6
      '@ctrl/tinycolor': 3.6.1
      '@emotion/hash': 0.9.2
      '@emotion/unitless': 0.8.1
      '@simonwep/pickr': 1.8.2
      array-tree-filter: 2.1.0
      async-validator: 4.2.5
      csstype: 3.1.3
      dayjs: 1.11.13
      dom-align: 1.12.4
      dom-scroll-into-view: 2.0.1
      lodash: 4.17.21
      lodash-es: 4.17.21
      resize-observer-polyfill: 1.5.1
      scroll-into-view-if-needed: 2.2.31
      shallow-equal: 1.2.1
      stylis: 4.3.4
      throttle-debounce: 5.0.2
      vue: 3.4.38
      vue-types: 3.0.2(vue@3.4.38)
      warning: 4.0.3

  anymatch@3.1.3:
    dependencies:
      normalize-path: 3.0.0
      picomatch: 2.3.1

  array-tree-filter@2.1.0: {}

  async-validator@4.2.5: {}

  binary-extensions@2.3.0: {}

  braces@3.0.3:
    dependencies:
      fill-range: 7.1.1

  cfb@1.2.2:
    dependencies:
      adler-32: 1.3.1
      crc-32: 1.2.2

  chokidar@3.6.0:
    dependencies:
      anymatch: 3.1.3
      braces: 3.0.3
      glob-parent: 5.1.2
      is-binary-path: 2.1.0
      is-glob: 4.0.3
      normalize-path: 3.0.0
      readdirp: 3.6.0
    optionalDependencies:
      fsevents: 2.3.3

  codepage@1.15.0: {}

  compute-scroll-into-view@1.0.20: {}

  core-js@3.38.1: {}

  crc-32@1.2.2: {}

  csstype@3.1.3: {}

  dayjs@1.11.13: {}

  dom-align@1.12.4: {}

  dom-scroll-into-view@2.0.1: {}

  entities@4.5.0: {}

  esbuild@0.21.5:
    optionalDependencies:
      '@esbuild/aix-ppc64': 0.21.5
      '@esbuild/android-arm': 0.21.5
      '@esbuild/android-arm64': 0.21.5
      '@esbuild/android-x64': 0.21.5
      '@esbuild/darwin-arm64': 0.21.5
      '@esbuild/darwin-x64': 0.21.5
      '@esbuild/freebsd-arm64': 0.21.5
      '@esbuild/freebsd-x64': 0.21.5
      '@esbuild/linux-arm': 0.21.5
      '@esbuild/linux-arm64': 0.21.5
      '@esbuild/linux-ia32': 0.21.5
      '@esbuild/linux-loong64': 0.21.5
      '@esbuild/linux-mips64el': 0.21.5
      '@esbuild/linux-ppc64': 0.21.5
      '@esbuild/linux-riscv64': 0.21.5
      '@esbuild/linux-s390x': 0.21.5
      '@esbuild/linux-x64': 0.21.5
      '@esbuild/netbsd-x64': 0.21.5
      '@esbuild/openbsd-x64': 0.21.5
      '@esbuild/sunos-x64': 0.21.5
      '@esbuild/win32-arm64': 0.21.5
      '@esbuild/win32-ia32': 0.21.5
      '@esbuild/win32-x64': 0.21.5

  estree-walker@2.0.2: {}

  fill-range@7.1.1:
    dependencies:
      to-regex-range: 5.0.1

  frac@1.1.2: {}

  frappe-gantt@0.6.1: {}

  fsevents@2.3.3:
    optional: true

  glob-parent@5.1.2:
    dependencies:
      is-glob: 4.0.3

  immutable@4.3.7: {}

  is-binary-path@2.1.0:
    dependencies:
      binary-extensions: 2.3.0

  is-extglob@2.1.1: {}

  is-glob@4.0.3:
    dependencies:
      is-extglob: 2.1.1

  is-number@7.0.0: {}

  is-plain-object@3.0.1: {}

  js-tokens@4.0.0: {}

  lodash-es@4.17.21: {}

  lodash@4.17.21: {}

  loose-envify@1.4.0:
    dependencies:
      js-tokens: 4.0.0

  magic-string@0.30.11:
    dependencies:
      '@jridgewell/sourcemap-codec': 1.5.0

  mitt@2.1.0: {}

  nanoid@3.3.7: {}

  nanopop@2.4.2: {}

  normalize-path@3.0.0: {}

  picocolors@1.0.1: {}

  picomatch@2.3.1: {}

  postcss@8.4.44:
    dependencies:
      nanoid: 3.3.7
      picocolors: 1.0.1
      source-map-js: 1.2.0

  readdirp@3.6.0:
    dependencies:
      picomatch: 2.3.1

  regenerator-runtime@0.14.1: {}

  resize-observer-polyfill@1.5.1: {}

  rollup@4.21.2:
    dependencies:
      '@types/estree': 1.0.5
    optionalDependencies:
      '@rollup/rollup-android-arm-eabi': 4.21.2
      '@rollup/rollup-android-arm64': 4.21.2
      '@rollup/rollup-darwin-arm64': 4.21.2
      '@rollup/rollup-darwin-x64': 4.21.2
      '@rollup/rollup-linux-arm-gnueabihf': 4.21.2
      '@rollup/rollup-linux-arm-musleabihf': 4.21.2
      '@rollup/rollup-linux-arm64-gnu': 4.21.2
      '@rollup/rollup-linux-arm64-musl': 4.21.2
      '@rollup/rollup-linux-powerpc64le-gnu': 4.21.2
      '@rollup/rollup-linux-riscv64-gnu': 4.21.2
      '@rollup/rollup-linux-s390x-gnu': 4.21.2
      '@rollup/rollup-linux-x64-gnu': 4.21.2
      '@rollup/rollup-linux-x64-musl': 4.21.2
      '@rollup/rollup-win32-arm64-msvc': 4.21.2
      '@rollup/rollup-win32-ia32-msvc': 4.21.2
      '@rollup/rollup-win32-x64-msvc': 4.21.2
      fsevents: 2.3.3

  sass@1.77.8:
    dependencies:
      chokidar: 3.6.0
      immutable: 4.3.7
      source-map-js: 1.2.0

  scroll-into-view-if-needed@2.2.31:
    dependencies:
      compute-scroll-into-view: 1.0.20

  shallow-equal@1.2.1: {}

  sortablejs@1.15.3: {}

  source-map-js@1.2.0: {}

  ssf@0.11.2:
    dependencies:
      frac: 1.1.2

  stylis@4.3.4: {}

  throttle-debounce@5.0.2: {}

  to-fast-properties@2.0.0: {}

  to-regex-range@5.0.1:
    dependencies:
      is-number: 7.0.0

  vite@5.4.2(sass@1.77.8):
    dependencies:
      esbuild: 0.21.5
      postcss: 8.4.44
      rollup: 4.21.2
    optionalDependencies:
      fsevents: 2.3.3
      sass: 1.77.8

  vue-demi@0.14.10(vue@3.4.38):
    dependencies:
      vue: 3.4.38

  vue-i18n@10.0.0-beta.6(vue@3.4.38):
    dependencies:
      '@intlify/core-base': 10.0.0-beta.6
      '@intlify/shared': 10.0.0-beta.6
      '@vue/devtools-api': 6.6.3
      vue: 3.4.38

  vue-observe-visibility@2.0.0-alpha.1(vue@3.4.38):
    dependencies:
      vue: 3.4.38

  vue-resize@2.0.0-alpha.1(vue@3.4.38):
    dependencies:
      vue: 3.4.38

  vue-router@4.4.3(vue@3.4.38):
    dependencies:
      '@vue/devtools-api': 6.6.3
      vue: 3.4.38

  vue-types@3.0.2(vue@3.4.38):
    dependencies:
      is-plain-object: 3.0.1
      vue: 3.4.38

  vue-virtual-scroller@2.0.0-beta.8(vue@3.4.38):
    dependencies:
      mitt: 2.1.0
      vue: 3.4.38
      vue-observe-visibility: 2.0.0-alpha.1(vue@3.4.38)
      vue-resize: 2.0.0-alpha.1(vue@3.4.38)

  vue@3.4.38:
    dependencies:
      '@vue/compiler-dom': 3.4.38
      '@vue/compiler-sfc': 3.4.38
      '@vue/runtime-dom': 3.4.38
      '@vue/server-renderer': 3.4.38(vue@3.4.38)
      '@vue/shared': 3.4.38

  warning@4.0.3:
    dependencies:
      loose-envify: 1.4.0

  wmf@1.0.2: {}

  word@0.3.0: {}

  xlsx@0.18.5:
    dependencies:
      adler-32: 1.3.1
      cfb: 1.2.2
      codepage: 1.15.0
      crc-32: 1.2.2
      ssf: 0.11.2
      wmf: 1.0.2
      word: 0.3.0
